schema: '2.0'
stages:
  preprocess:
    cmd: python src/preprocess_mnist_spark.py --params params.yaml
    deps:
    - path: params.yaml
      hash: md5
      md5: d28ad6bb7c9f9110d595be6f6fb63d46
      size: 803
    - path: src/preprocess_mnist_spark.py
      hash: md5
      md5: 0686ca87944e0c96a02d14573928b603
      size: 3403
    outs:
    - path: data/mnist/baseline_distribution.json
      hash: md5
      md5: 197863ca5e163dadb05973678969e3eb
      size: 245
    - path: data/mnist/test.parquet
      hash: md5
      md5: 207def3d600f283d999457eb00da1704.dir
      size: 2451723
      nfiles: 82
    - path: data/mnist/train.parquet
      hash: md5
      md5: ad6f31011bd88a0c03e9215d411ea1d3.dir
      size: 14713892
      nfiles: 482
  training:
    cmd: python src/train_mnist_orca.py --params params.yaml
    deps:
    - path: data/mnist/test.parquet
      hash: md5
      md5: 207def3d600f283d999457eb00da1704.dir
      size: 2451723
      nfiles: 82
    - path: data/mnist/train.parquet
      hash: md5
      md5: ad6f31011bd88a0c03e9215d411ea1d3.dir
      size: 14713892
      nfiles: 482
    - path: params.yaml
      hash: md5
      md5: d28ad6bb7c9f9110d595be6f6fb63d46
      size: 803
    - path: src/train_mnist_orca.py
      hash: md5
      md5: 0ca246f4c43ae99a07009fed6a0f9fe7
      size: 11492
    outs:
    - path: artifacts
      hash: md5
      md5: bb8ea3cb0f07bc548afca3ea56dbcaee.dir
      size: 17842442
      nfiles: 9
    - path: mlruns
      hash: md5
      md5: 617edd4803282d397842048af19ba27a.dir
      size: 8190919
      nfiles: 691
