schema: '2.0'
stages:
  preprocess:
    cmd: python src/preprocess_mnist_spark.py --params params.yaml
    deps:
    - path: params.yaml
      hash: md5
      md5: a068975bd69857549c4ba6f6ba7fa879
      size: 819
    - path: src/preprocess_mnist_spark.py
      hash: md5
      md5: 0686ca87944e0c96a02d14573928b603
      size: 3403
    outs:
    - path: data/mnist/baseline_distribution.json
      hash: md5
      md5: 197863ca5e163dadb05973678969e3eb
      size: 245
    - path: data/mnist/test.parquet
      hash: md5
      md5: 207def3d600f283d999457eb00da1704.dir
      size: 2451723
      nfiles: 82
    - path: data/mnist/train.parquet
      hash: md5
      md5: ad6f31011bd88a0c03e9215d411ea1d3.dir
      size: 14713892
      nfiles: 482
  training:
    cmd: python src/train_mnist_orca.py --params params.yaml
    deps:
    - path: data/mnist/test.parquet
      hash: md5
      md5: 207def3d600f283d999457eb00da1704.dir
      size: 2451723
      nfiles: 82
    - path: data/mnist/train.parquet
      hash: md5
      md5: ad6f31011bd88a0c03e9215d411ea1d3.dir
      size: 14713892
      nfiles: 482
    - path: params.yaml
      hash: md5
      md5: a068975bd69857549c4ba6f6ba7fa879
      size: 819
    - path: src/train_mnist_orca.py
      hash: md5
      md5: edbf254cf1b27697f8fc83baccd84c85
      size: 11539
    outs:
    - path: artifacts
      hash: md5
      md5: 21f3492069b419d5efece495ad264923.dir
      size: 17773598
      nfiles: 8
    - path: mlruns
      hash: md5
      md5: 48f213d406a0197bd40f78c28a4cbe1b.dir
      size: 8133139
      nfiles: 635
